// !$*UTF8*$!
{
	archiveVersion = 1;
	classes = {
	};
	objectVersion = 38;
	objects = {
		080E96D9FE201CDB7F000001 = {
			fileRef = 2A37F4B9FDCFA73011CA2CEA;
			isa = PBXBuildFile;
			settings = {
			};
		};
		080E96DAFE201CDB7F000001 = {
			fileRef = 2A37F4B6FDCFA73011CA2CEA;
			isa = PBXBuildFile;
			settings = {
			};
		};
		080E96DBFE201CDB7F000001 = {
			fileRef = 2A37F4B4FDCFA73011CA2CEA;
			isa = PBXBuildFile;
			settings = {
			};
		};
		089C165FFE840EACC02AAC07 = {
			children = (
				089C1660FE840EACC02AAC07,
			);
			isa = PBXVariantGroup;
			name = InfoPlist.strings;
			refType = 4;
		};
		089C1660FE840EACC02AAC07 = {
			fileEncoding = 10;
			isa = PBXFileReference;
			name = English;
			path = English.lproj/InfoPlist.strings;
			refType = 4;
		};
		089C1661FE840EACC02AAC07 = {
			fileRef = 089C165FFE840EACC02AAC07;
			isa = PBXBuildFile;
			settings = {
			};
		};
//080
//081
//082
//083
//084
//100
//101
//102
//103
//104
		1058C7A6FEA54F5311CA2CBB = {
			children = (
				1058C7A7FEA54F5311CA2CBB,
			);
			isa = PBXGroup;
			name = "Linked Frameworks";
			refType = 4;
		};
		1058C7A7FEA54F5311CA2CBB = {
			isa = PBXFileReference;
			name = Cocoa.framework;
			path = /System/Library/Frameworks/Cocoa.framework;
			refType = 0;
		};
		1058C7A8FEA54F5311CA2CBB = {
			children = (
				2A37F4C5FDCFA73011CA2CEA,
				2A37F4C4FDCFA73011CA2CEA,
			);
			isa = PBXGroup;
			name = "Other Frameworks";
			refType = 4;
		};
		1058C7A9FEA54F5311CA2CBB = {
			fileRef = 1058C7A7FEA54F5311CA2CBB;
			isa = PBXBuildFile;
			settings = {
			};
		};
//100
//101
//102
//103
//104
//190
//191
//192
//193
//194
		19C28FB0FE9D524F11CA2CBB = {
			children = (
				855E38111135EF3A00A80101,
			);
			isa = PBXGroup;
			name = Products;
			refType = 4;
		};
//190
//191
//192
//193
//194
//2A0
//2A1
//2A2
//2A3
//2A4
		2A37F4A9FDCFA73011CA2CEA = {
			buildStyles = (
				4A9504D0FFE6A4CB11CA0CBA,
				4A9504D1FFE6A4CB11CA0CBA,
			);
			hasScannedForEncodings = 1;
			isa = PBXProject;
			mainGroup = 2A37F4AAFDCFA73011CA2CEA;
			projectDirPath = "";
			targets = (
				2A37F4C6FDCFA73011CA2CEA,
			);
		};
		2A37F4AAFDCFA73011CA2CEA = {
			children = (
				2A37F4ABFDCFA73011CA2CEA,
				2A37F4AFFDCFA73011CA2CEA,
				2A37F4B8FDCFA73011CA2CEA,
				2A37F4C3FDCFA73011CA2CEA,
				19C28FB0FE9D524F11CA2CBB,
			);
			isa = PBXGroup;
			name = PRICE;
			path = "";
			refType = 4;
		};
		2A37F4ABFDCFA73011CA2CEA = {
			children = (
				F5D38DD508FDA41801A80101,
				F5D38DD608FDA41801A80101,
				F54D8D5C0588ECEB01A80103,
				F54D8D5D0588ECEB01A80103,
				F54D8D660588ED9101A80103,
				F54D8D670588ED9101A80103,
				F59B4FC305921408011CE379,
				F59B4FC405921408011CE379,
				F59B4FC7059214C7011CE379,
				F59B4FC8059214C7011CE379,
				F59B4FBB0591D102011CE379,
				F59B4FBC0591D102011CE379,
				F59B4FBF0591DA41011CE379,
				F59B4FC00591DA41011CE379,
				F52B6E0803DDC36301A80101,
				F568E20B03B7583A01A80101,
				F5E238AC058091F001A80103,
				2A37F4AEFDCFA73011CA2CEA,
				2A37F4ACFDCFA73011CA2CEA,
				F50E085E03A8B3A001317B72,
				F50E085F03A8B3A001317B72,
				F50E086203A8B47901317B72,
				F50E086303A8B47901317B72,
				F50E086403A8B47901317B72,
				F50E086503A8B47901317B72,
				F5B0F9640686C3B701A80101,
				F5B0F9650686C3B701A80101,
				F5B6257006881DCE01A80101,
				F5B6257106881DCE01A80101,
				F59EB621079F1CA501A80103,
				F59EB622079F1CA501A80103,
				F5D9F4B807AD974901A80101,
				F5D9F4B607AD972F01A80101,
			);
			isa = PBXGroup;
			name = Classes;
			path = "";
			refType = 4;
		};
		2A37F4ACFDCFA73011CA2CEA = {
			fileEncoding = 30;
			isa = PBXFileReference;
			path = MyDocument.m;
			refType = 4;
		};
		2A37F4AEFDCFA73011CA2CEA = {
			fileEncoding = 30;
			isa = PBXFileReference;
			path = MyDocument.h;
			refType = 4;
		};
		2A37F4AFFDCFA73011CA2CEA = {
			children = (
				2A37F4B0FDCFA73011CA2CEA,
				F58A01490513B6E80163C8F7,
				F58A014A0513B6E80163C8F7,
			);
			isa = PBXGroup;
			name = "Other Sources";
			path = "";
			refType = 4;
		};
		2A37F4B0FDCFA73011CA2CEA = {
			fileEncoding = 30;
			isa = PBXFileReference;
			path = main.m;
			refType = 4;
		};
		2A37F4B4FDCFA73011CA2CEA = {
			children = (
				2A37F4B5FDCFA73011CA2CEA,
			);
			isa = PBXVariantGroup;
			name = PRWindow.nib;
			path = "";
			refType = 4;
		};
		2A37F4B5FDCFA73011CA2CEA = {
			isa = PBXFileReference;
			name = PRWindow.nib;
			path = English.lproj/PRWindow.nib;
			refType = 4;
		};
		2A37F4B6FDCFA73011CA2CEA = {
			children = (
				2A37F4B7FDCFA73011CA2CEA,
			);
			isa = PBXVariantGroup;
			name = MainMenu.nib;
			path = "";
			refType = 4;
		};
		2A37F4B7FDCFA73011CA2CEA = {
			isa = PBXFileReference;
			name = English;
			path = English.lproj/MainMenu.nib;
			refType = 4;
		};
		2A37F4B8FDCFA73011CA2CEA = {
			children = (
				F5C941A908261B5E01A80101,
				F537CAEE0500A8B801A80103,
				2A37F4B9FDCFA73011CA2CEA,
				089C165FFE840EACC02AAC07,
				2A37F4B6FDCFA73011CA2CEA,
				2A37F4B4FDCFA73011CA2CEA,
				F51A79A603D95E3101A80101,
				F5C8A2AB07EED94A01A80101,
				F58A014605138B000163C8F7,
				F5DD42E8053AAE5201A80103,
				F5A3DD6B058349E601A80103,
				F54D8D6A0588EE6201A80103,
				F59B4FCB05923027011CE379,
				F5B3A92605B5469C01A80101,
				F59300550609F83101A80103,
				F538441A0612E0D001A80103,
				F52855C60689AB0301A80101,
				F59EB627079F2ED301A80103,
				F5C7F8ED07C75C6901A80101,
				85E2FA3F0B5CEAF3003E7B25,
				855E381B1135EF9800A80101,
			);
			isa = PBXGroup;
			name = Resources;
			path = "";
			refType = 4;
		};
		2A37F4B9FDCFA73011CA2CEA = {
			children = (
				2A37F4BAFDCFA73011CA2CEA,
			);
			isa = PBXVariantGroup;
			name = Credits.rtf;
			path = "";
			refType = 4;
		};
		2A37F4BAFDCFA73011CA2CEA = {
			isa = PBXFileReference;
			name = English;
			path = English.lproj/Credits.rtf;
			refType = 4;
		};
		2A37F4C3FDCFA73011CA2CEA = {
			children = (
				1058C7A6FEA54F5311CA2CBB,
				1058C7A8FEA54F5311CA2CBB,
			);
			isa = PBXGroup;
			name = Frameworks;
			path = "";
			refType = 4;
		};
		2A37F4C4FDCFA73011CA2CEA = {
			isa = PBXFileReference;
			name = AppKit.framework;
			path = /System/Library/Frameworks/AppKit.framework;
			refType = 0;
		};
		2A37F4C5FDCFA73011CA2CEA = {
			isa = PBXFileReference;
			name = Foundation.framework;
			path = /System/Library/Frameworks/Foundation.framework;
			refType = 0;
		};
		2A37F4C6FDCFA73011CA2CEA = {
			buildPhases = (
				2A37F4C7FDCFA73011CA2CEA,
				2A37F4C9FDCFA73011CA2CEA,
				2A37F4CEFDCFA73011CA2CEA,
				2A37F4D1FDCFA73011CA2CEA,
			);
			buildSettings = {
				FRAMEWORK_SEARCH_PATHS = "";
				HEADER_SEARCH_PATHS = "";
				INSTALL_PATH = "$(HOME)/Applications";
				LIBRARY_SEARCH_PATHS = "";
				OPTIMIZATION_CFLAGS = "-O0";
				OTHER_CFLAGS = "-Wall";
				OTHER_LDFLAGS = "";
				PRODUCT_NAME = PRICE;
				SECTORDER_FLAGS = "";
				WARNING_CFLAGS = "-Wmost -Wno-four-char-constants -Wno-unknown-pragmas";
				WRAPPER_EXTENSION = app;
			};
			dependencies = (
			);
			isa = PBXApplicationTarget;
			name = PRICE;
			productInstallPath = "$(HOME)/Applications";
			productName = PRICE;
			productReference = 855E38111135EF3A00A80101;
			productSettingsXML = "<?xml version=\"1.0\" encoding=\"UTF-8\"?>
<!DOCTYPE plist PUBLIC \"-//Apple Computer//DTD PLIST 1.0//EN\" \"http://www.apple.com/DTDs/PropertyList-1.0.dtd\">
<plist version=\"1.0\">
<dict>
	<key>CFBundleDevelopmentRegion</key>
	<string>English</string>
	<key>CFBundleDocumentTypes</key>
	<array>
		<dict>
			<key>CFBundleTypeExtensions</key>
			<array>
				<string>tiff</string>
				<string>TIFF</string>
				<string>TIF</string>
				<string>tif</string>
				<string>TIF</string>
			</array>
			<key>CFBundleTypeName</key>
			<string>TIFF</string>
			<key>CFBundleTypeOSTypes</key>
			<array>
				<string>TIFF</string>
			</array>
			<key>CFBundleTypeRole</key>
			<string>Editor</string>
			<key>NSDocumentClass</key>
			<string>MyDocument</string>
		</dict>
		<dict>
			<key>CFBundleTypeExtensions</key>
			<array>
				<string>jpg</string>
				<string>jpeg</string>
				<string>JPG</string>
				<string>JPEG</string>
			</array>
			<key>CFBundleTypeName</key>
			<string>JPEG</string>
			<key>CFBundleTypeOSTypes</key>
			<array>
				<string>JPEG</string>
			</array>
			<key>CFBundleTypeRole</key>
			<string>Viewer</string>
			<key>NSDocumentClass</key>
			<string>MyDocument</string>
		</dict>
		<dict>
			<key>CFBundleTypeExtensions</key>
			<array>
				<string>gif</string>
				<string>GIF</string>
			</array>
			<key>CFBundleTypeName</key>
			<string>GIF</string>
			<key>CFBundleTypeOSTypes</key>
			<array>
				<string>GIFf</string>
			</array>
			<key>CFBundleTypeRole</key>
			<string>Viewer</string>
			<key>NSDocumentClass</key>
			<string>MyDocument</string>
		</dict>
		<dict>
			<key>CFBundleTypeExtensions</key>
			<array>
				<string>pct</string>
				<string>pict</string>
				<string>PCT</string>
				<string>PICT</string>
			</array>
			<key>CFBundleTypeName</key>
			<string>PICT</string>
			<key>CFBundleTypeOSTypes</key>
			<array>
				<string>PICT</string>
			</array>
			<key>CFBundleTypeRole</key>
			<string>Viewer</string>
			<key>NSDocumentClass</key>
			<string>MyDocument</string>
		</dict>
		<dict>
			<key>CFBundleTypeExtensions</key>
			<array>
				<string>png</string>
				<string>PNG</string>
			</array>
			<key>CFBundleTypeName</key>
			<string>PNG</string>
			<key>CFBundleTypeOSTypes</key>
			<array>
				<string>PNGf</string>
			</array>
			<key>CFBundleTypeRole</key>
			<string>Viewer</string>
			<key>NSDocumentClass</key>
			<string>MyDocument</string>
		</dict>
		<dict>
			<key>CFBundleTypeExtensions</key>
			<array>
				<string>pdf</string>
				<string>PDF</string>
			</array>
			<key>CFBundleTypeName</key>
			<string>PDF</string>
			<key>CFBundleTypeOSTypes</key>
			<array>
				<string>PDF </string>
			</array>
			<key>CFBundleTypeRole</key>
			<string>Viewer</string>
			<key>NSDocumentClass</key>
			<string>MyDocument</string>
		</dict>
		<dict>
			<key>CFBundleTypeExtensions</key>
			<array>
				<string>bmp</string>
				<string>BMP</string>
			</array>
			<key>CFBundleTypeName</key>
			<string>BMP</string>
			<key>CFBundleTypeOSTypes</key>
			<array>
				<string>BMP </string>
			</array>
			<key>CFBundleTypeRole</key>
			<string>Viewer</string>
			<key>NSDocumentClass</key>
			<string>MyDocument</string>
		</dict>
		<dict>
			<key>CFBundleTypeExtensions</key>
			<array>
				<string>eps</string>
				<string>EPS</string>
			</array>
			<key>CFBundleTypeName</key>
			<string>EPS</string>
			<key>CFBundleTypeOSTypes</key>
			<array>
				<string>EPSF</string>
			</array>
			<key>CFBundleTypeRole</key>
			<string>Viewer</string>
			<key>NSDocumentClass</key>
			<string>MyDocument</string>
		</dict>
		<dict>
			<key>CFBundleTypeExtensions</key>
			<array>
				<string>tga</string>
				<string>TGA</string>
			</array>
			<key>CFBundleTypeName</key>
			<string>TGA</string>
			<key>CFBundleTypeRole</key>
			<string>Viewer</string>
			<key>NSDocumentClass</key>
			<string>MyDocument</string>
		</dict>
	</array>
	<key>CFBundleExecutable</key>
	<string>PRICE</string>
	<key>CFBundleGetInfoString</key>
	<string>Precision Raster Image Convolution Engine</string>
	<key>CFBundleIconFile</key>
	<string>price128.icns</string>
	<key>CFBundleInfoDictionaryVersion</key>
	<string>6.0</string>
	<key>CFBundleName</key>
	<string>PRICE</string>
	<key>CFBundlePackageType</key>
	<string>APPL</string>
	<key>CFBundleSignature</key>
	<string>????</string>
	<key>CFBundleVersion</key>
	<string>1.0.0</string>
	<key>NSMainNibFile</key>
	<string>MainMenu</string>
	<key>NSPrincipalClass</key>
	<string>NSApplication</string>
</dict>
</plist>
";
		};
		2A37F4C7FDCFA73011CA2CEA = {
			buildActionMask = 2147483647;
			files = (
				2A37F4C8FDCFA73011CA2CEA,
				F50E086003A8B3A001317B72,
				F50E086603A8B47901317B72,
				F50E086703A8B47901317B72,
				F568E20903B757F201A80101,
				F568E20E03B77C9A01A80101,
				F51A79AE03D9642D01A80101,
				F52B6E0B03DDC6C201A80101,
				F551DF3403E1B5CF01A80101,
				F58A0140051379F90163C8F7,
				F58A014405137A870163C8F7,
				F58A014B0513B6E80163C8F7,
				F5DD42ED053AAEF901A80103,
				F55BF710054909D501A80103,
				F5DC9E44056A98E601A80101,
				F5E238A605808FD801A80103,
				F5E238AA058091EB01A80103,
				F54D8D5E0588ECEB01A80103,
				F54D8D680588ED9101A80103,
				F59B4FBD0591D102011CE379,
				F59B4FC10591DA41011CE379,
				F59B4FC505921408011CE379,
				F59B4FC9059214C7011CE379,
				F5B3A92405B53FF201A80101,
				F5B3A92B05B5568F01A80101,
				F59300530609F6AE01A80103,
				F593005A060B2ED001A80103,
				F5D67DB10612D96501A80103,
				F538441F0612E9BF01A80103,
				F5B0F9660686C3B701A80101,
				F5B6257206881DCE01A80101,
				F59EB61F079F1C9101A80103,
				F59EB623079F1CA501A80103,
				F5D9F4B907AD974901A80101,
				F5D9F4BB07AD976001A80101,
				F5C8A2A507EED49E01A80101,
				F5C8A2A907EED52A01A80101,
				F5D38DD708FDA41801A80101,
				85E2FA3D0B5CE7AA003E7B25,
				85D196380D0A063900A80101,
				85F3E8040EC5003200B9D568,
				85CBE1340ECE08B200A80101,
				85CBE1380ECE113300A80101,
				85CBE13C0ECE328400A80101,
				855E38171135EF6B00A80101,
				855E38191135EF6B00A80101,
			);
			isa = PBXHeadersBuildPhase;
			runOnlyForDeploymentPostprocessing = 0;
		};
		2A37F4C8FDCFA73011CA2CEA = {
			fileRef = 2A37F4AEFDCFA73011CA2CEA;
			isa = PBXBuildFile;
			settings = {
			};
		};
		2A37F4C9FDCFA73011CA2CEA = {
			buildActionMask = 2147483647;
			files = (
				080E96D9FE201CDB7F000001,
				080E96DAFE201CDB7F000001,
				080E96DBFE201CDB7F000001,
				089C1661FE840EACC02AAC07,
				F51A79A803D95E3101A80101,
				F537CAEF0500A8B801A80103,
				F58A014805138B000163C8F7,
				F5DD42EA053AAE5201A80103,
				F5A3DD6D058349E601A80103,
				F54D8D6C0588EE6201A80103,
				F59B4FCD05923027011CE379,
				F5B3A92805B5469C01A80101,
				F59300570609F83101A80103,
				F538441C0612E0D001A80103,
				F52855C80689AB0301A80101,
				F59EB629079F2ED301A80103,
				F5C7F8EF07C75C6901A80101,
				F5C8A2AD07EED94A01A80101,
				F5C941AA08261B5E01A80101,
				85E2FA410B5CEAF3003E7B25,
				855E381D1135EF9800A80101,
			);
			isa = PBXResourcesBuildPhase;
			runOnlyForDeploymentPostprocessing = 0;
		};
		2A37F4CEFDCFA73011CA2CEA = {
			buildActionMask = 2147483647;
			files = (
				2A37F4CFFDCFA73011CA2CEA,
				2A37F4D0FDCFA73011CA2CEA,
				F50E086103A8B3A001317B72,
				F50E086803A8B47901317B72,
				F568E20A03B757F201A80101,
				F51A79AF03D9642D01A80101,
				F52B6E0C03DDC6C201A80101,
				F551DF3503E1B5CF01A80101,
				F5BA52CE04CC34E80110017A,
				F58A0141051379F90163C8F7,
				F58A014505137A870163C8F7,
				F58A014C0513B6E90163C8F7,
				F5DD42EE053AAEF901A80103,
				F55BF711054909D501A80103,
				F5DC9E45056A98E601A80101,
				F5E238A705808FD801A80103,
				F5E238AB058091EB01A80103,
				F54D8D5F0588ECEB01A80103,
				F54D8D690588ED9101A80103,
				F59B4FBE0591D102011CE379,
				F59B4FC20591DA41011CE379,
				F59B4FC605921408011CE379,
				F59B4FCA059214C7011CE379,
				F5B3A92505B53FF201A80101,
				F5B3A92C05B5568F01A80101,
				F59300540609F6AE01A80103,
				F593005B060B2ED001A80103,
				F5D67DB20612D96501A80103,
				F53844200612E9BF01A80103,
				F5B0F9670686C3B701A80101,
				F5B6257306881DCE01A80101,
				F59EB620079F1C9101A80103,
				F59EB624079F1CA501A80103,
				F5D9F4B707AD972F01A80101,
				F5D9F4BD07AD976F01A80101,
				F5C8A2A607EED49E01A80101,
				F5C8A2AA07EED52A01A80101,
				F5C11052081A46A201A80101,
				F5D38DD808FDA41801A80101,
				85E2FA3E0B5CE7AA003E7B25,
				85D196390D0A063900A80101,
				85F3E8050EC5003200B9D568,
				85CBE1350ECE08B200A80101,
				85CBE1390ECE113300A80101,
				85CBE13D0ECE328400A80101,
				855E38181135EF6B00A80101,
				855E381A1135EF6B00A80101,
			);
			isa = PBXSourcesBuildPhase;
			runOnlyForDeploymentPostprocessing = 0;
		};
		2A37F4CFFDCFA73011CA2CEA = {
			fileRef = 2A37F4ACFDCFA73011CA2CEA;
			isa = PBXBuildFile;
			settings = {
				ATTRIBUTES = (
				);
			};
		};
		2A37F4D0FDCFA73011CA2CEA = {
			fileRef = 2A37F4B0FDCFA73011CA2CEA;
			isa = PBXBuildFile;
			settings = {
				ATTRIBUTES = (
				);
			};
		};
		2A37F4D1FDCFA73011CA2CEA = {
			buildActionMask = 2147483647;
			files = (
				1058C7A9FEA54F5311CA2CBB,
			);
			isa = PBXFrameworksBuildPhase;
			runOnlyForDeploymentPostprocessing = 0;
		};
//2A0
//2A1
//2A2
//2A3
//2A4
//4A0
//4A1
//4A2
//4A3
//4A4
		4A9504D0FFE6A4CB11CA0CBA = {
			buildSettings = {
				COPY_PHASE_STRIP = NO;
				GCC_DYNAMIC_NO_PIC = NO;
				GCC_ENABLE_FIX_AND_CONTINUE = YES;
				GCC_GENERATE_DEBUGGING_SYMBOLS = YES;
				GCC_OPTIMIZATION_LEVEL = 0;
				OPTIMIZATION_CFLAGS = "-O0";
				ZERO_LINK = YES;
			};
			isa = PBXBuildStyle;
			name = Development;
		};
		4A9504D1FFE6A4CB11CA0CBA = {
			buildSettings = {
				COPY_PHASE_STRIP = YES;
				GCC_ENABLE_FIX_AND_CONTINUE = NO;
				OPTIMIZATION_CFLAGS = "-O2";
				ZERO_LINK = NO;
			};
			isa = PBXBuildStyle;
			name = Deployment;
		};
//4A0
//4A1
//4A2
//4A3
//4A4
//850
//851
//852
//853
//854
		855E38111135EF3A00A80101 = {
			isa = PBXApplicationReference;
			path = PRICE.app;
			refType = 3;
		};
		855E38131135EF6B00A80101 = {
			fileEncoding = 30;
			isa = PBXFileReference;
			path = PRFilterController.h;
			refType = 4;
		};
		855E38141135EF6B00A80101 = {
			fileEncoding = 30;
			isa = PBXFileReference;
			path = PRFilterController.m;
			refType = 4;
		};
		855E38151135EF6B00A80101 = {
			fileEncoding = 30;
			isa = PBXFileReference;
			path = PRPreviewController.h;
			refType = 4;
		};
		855E38161135EF6B00A80101 = {
			fileEncoding = 30;
			isa = PBXFileReference;
			path = PRPreviewController.m;
			refType = 4;
		};
		855E38171135EF6B00A80101 = {
			fileRef = 855E38131135EF6B00A80101;
			isa = PBXBuildFile;
			settings = {
			};
		};
		855E38181135EF6B00A80101 = {
			fileRef = 855E38141135EF6B00A80101;
			isa = PBXBuildFile;
			settings = {
			};
		};
		855E38191135EF6B00A80101 = {
			fileRef = 855E38151135EF6B00A80101;
			isa = PBXBuildFile;
			settings = {
			};
		};
		855E381A1135EF6B00A80101 = {
			fileRef = 855E38161135EF6B00A80101;
			isa = PBXBuildFile;
			settings = {
			};
		};
		855E381B1135EF9800A80101 = {
			children = (
				855E381C1135EF9800A80101,
			);
			isa = PBXVariantGroup;
			name = Preview.nib;
			path = "";
			refType = 4;
		};
		855E381C1135EF9800A80101 = {
			isa = PBXFileReference;
			name = English;
			path = English.lproj/Preview.nib;
			refType = 4;
		};
		855E381D1135EF9800A80101 = {
			fileRef = 855E381B1135EF9800A80101;
			isa = PBXBuildFile;
			settings = {
			};
		};
		85CBE1320ECE08B200A80101 = {
			fileEncoding = 4;
			isa = PBXFileReference;
			path = PRCInvert.h;
			refType = 4;
		};
		85CBE1330ECE08B200A80101 = {
			fileEncoding = 4;
			isa = PBXFileReference;
			path = PRCInvert.m;
			refType = 4;
		};
		85CBE1340ECE08B200A80101 = {
			fileRef = 85CBE1320ECE08B200A80101;
			isa = PBXBuildFile;
			settings = {
			};
		};
		85CBE1350ECE08B200A80101 = {
			fileRef = 85CBE1330ECE08B200A80101;
			isa = PBXBuildFile;
			settings = {
			};
		};
		85CBE1360ECE113300A80101 = {
			fileEncoding = 4;
			isa = PBXFileReference;
			path = PRCFourier.h;
			refType = 4;
		};
		85CBE1370ECE113300A80101 = {
			fileEncoding = 4;
			isa = PBXFileReference;
			path = PRCFourier.m;
			refType = 4;
		};
		85CBE1380ECE113300A80101 = {
			fileRef = 85CBE1360ECE113300A80101;
			isa = PBXBuildFile;
			settings = {
			};
		};
		85CBE1390ECE113300A80101 = {
			fileRef = 85CBE1370ECE113300A80101;
			isa = PBXBuildFile;
			settings = {
			};
		};
		85CBE13A0ECE328400A80101 = {
			fileEncoding = 4;
			isa = PBXFileReference;
			path = PRCTransforms.h;
			refType = 4;
		};
		85CBE13B0ECE328400A80101 = {
			fileEncoding = 4;
			isa = PBXFileReference;
			path = PRCTransforms.m;
			refType = 4;
		};
		85CBE13C0ECE328400A80101 = {
			fileRef = 85CBE13A0ECE328400A80101;
			isa = PBXBuildFile;
			settings = {
			};
		};
		85CBE13D0ECE328400A80101 = {
			fileRef = 85CBE13B0ECE328400A80101;
			isa = PBXBuildFile;
			settings = {
			};
		};
		85D196360D0A063900A80101 = {
			fileEncoding = 4;
			isa = PBXFileReference;
			path = PRInvert.h;
			refType = 4;
		};
		85D196370D0A063900A80101 = {
			fileEncoding = 4;
			isa = PBXFileReference;
			path = PRInvert.m;
			refType = 4;
		};
		85D196380D0A063900A80101 = {
			fileRef = 85D196360D0A063900A80101;
			isa = PBXBuildFile;
			settings = {
			};
		};
		85D196390D0A063900A80101 = {
			fileRef = 85D196370D0A063900A80101;
			isa = PBXBuildFile;
			settings = {
			};
		};
		85E2FA3B0B5CE7AA003E7B25 = {
			fileEncoding = 4;
			isa = PBXFileReference;
			path = PRCGrayscale.h;
			refType = 4;
		};
		85E2FA3C0B5CE7AA003E7B25 = {
			fileEncoding = 4;
			isa = PBXFileReference;
			path = PRCGrayscale.m;
			refType = 4;
		};
		85E2FA3D0B5CE7AA003E7B25 = {
			fileRef = 85E2FA3B0B5CE7AA003E7B25;
			isa = PBXBuildFile;
			settings = {
			};
		};
		85E2FA3E0B5CE7AA003E7B25 = {
			fileRef = 85E2FA3C0B5CE7AA003E7B25;
			isa = PBXBuildFile;
			settings = {
			};
		};
		85E2FA3F0B5CEAF3003E7B25 = {
			children = (
				85E2FA400B5CEAF3003E7B25,
			);
			isa = PBXVariantGroup;
			name = Grayscale.nib;
			path = "";
			refType = 4;
		};
		85E2FA400B5CEAF3003E7B25 = {
			isa = PBXFileReference;
			name = English;
			path = English.lproj/Grayscale.nib;
			refType = 4;
		};
		85E2FA410B5CEAF3003E7B25 = {
			fileRef = 85E2FA3F0B5CEAF3003E7B25;
			isa = PBXBuildFile;
			settings = {
			};
		};
		85F3E8020EC5003200B9D568 = {
			fileEncoding = 4;
			isa = PBXFileReference;
			path = PRFilter.h;
			refType = 4;
		};
		85F3E8030EC5003200B9D568 = {
			fileEncoding = 4;
			isa = PBXFileReference;
			path = PRFilter.m;
			refType = 4;
		};
		85F3E8040EC5003200B9D568 = {
			fileRef = 85F3E8020EC5003200B9D568;
			isa = PBXBuildFile;
			settings = {
			};
		};
		85F3E8050EC5003200B9D568 = {
			fileRef = 85F3E8030EC5003200B9D568;
			isa = PBXBuildFile;
			settings = {
			};
		};
//850
//851
//852
//853
//854
//F50
//F51
//F52
//F53
//F54
		F50E085E03A8B3A001317B72 = {
			fileEncoding = 30;
			isa = PBXFileReference;
			path = PRImageView.h;
			refType = 4;
		};
		F50E085F03A8B3A001317B72 = {
			fileEncoding = 30;
			isa = PBXFileReference;
			path = PRImageView.m;
			refType = 4;
		};
		F50E086003A8B3A001317B72 = {
			fileRef = F50E085E03A8B3A001317B72;
			isa = PBXBuildFile;
			settings = {
			};
		};
		F50E086103A8B3A001317B72 = {
			fileRef = F50E085F03A8B3A001317B72;
			isa = PBXBuildFile;
			settings = {
			};
		};
		F50E086203A8B47901317B72 = {
			fileEncoding = 30;
			isa = PBXFileReference;
			path = PRWindowController.h;
			refType = 4;
		};
		F50E086303A8B47901317B72 = {
			fileEncoding = 30;
			isa = PBXFileReference;
			path = PRWindowController.m;
			refType = 4;
		};
		F50E086403A8B47901317B72 = {
			fileEncoding = 30;
			isa = PBXFileReference;
			path = AppController.h;
			refType = 4;
		};
		F50E086503A8B47901317B72 = {
			fileEncoding = 30;
			isa = PBXFileReference;
			path = AppController.m;
			refType = 4;
		};
		F50E086603A8B47901317B72 = {
			fileRef = F50E086203A8B47901317B72;
			isa = PBXBuildFile;
			settings = {
			};
		};
		F50E086703A8B47901317B72 = {
			fileRef = F50E086403A8B47901317B72;
			isa = PBXBuildFile;
			settings = {
			};
		};
		F50E086803A8B47901317B72 = {
			fileRef = F50E086303A8B47901317B72;
			isa = PBXBuildFile;
			settings = {
			};
		};
		F51A79A603D95E3101A80101 = {
			children = (
				F51A79A703D95E3101A80101,
			);
			isa = PBXVariantGroup;
			name = Convolve55.nib;
			path = "";
			refType = 4;
		};
		F51A79A703D95E3101A80101 = {
			isa = PBXFileReference;
			name = English;
			path = English.lproj/Convolve55.nib;
			refType = 4;
		};
		F51A79A803D95E3101A80101 = {
			fileRef = F51A79A603D95E3101A80101;
			isa = PBXBuildFile;
			settings = {
			};
		};
		F51A79AC03D9642D01A80101 = {
			fileEncoding = 30;
			isa = PBXFileReference;
			path = PRConvolve55.h;
			refType = 4;
		};
		F51A79AD03D9642D01A80101 = {
			fileEncoding = 30;
			isa = PBXFileReference;
			path = PRConvolve55.m;
			refType = 4;
		};
		F51A79AE03D9642D01A80101 = {
			fileRef = F51A79AC03D9642D01A80101;
			isa = PBXBuildFile;
			settings = {
			};
		};
		F51A79AF03D9642D01A80101 = {
			fileRef = F51A79AD03D9642D01A80101;
			isa = PBXBuildFile;
			settings = {
			};
		};
		F52855C60689AB0301A80101 = {
			children = (
				F52855C70689AB0301A80101,
			);
			isa = PBXVariantGroup;
			name = ProgressPanel.nib;
			path = "";
			refType = 4;
		};
		F52855C70689AB0301A80101 = {
			isa = PBXFileReference;
			name = English;
			path = English.lproj/ProgressPanel.nib;
			refType = 4;
		};
		F52855C80689AB0301A80101 = {
			fileRef = F52855C60689AB0301A80101;
			isa = PBXBuildFile;
			settings = {
			};
		};
		F52B6E0803DDC36301A80101 = {
			children = (
				855E38131135EF6B00A80101,
				855E38141135EF6B00A80101,
				855E38151135EF6B00A80101,
				855E38161135EF6B00A80101,
				F5C8A2A307EED49E01A80101,
				F5C8A2A407EED49E01A80101,
				F59EB61D079F1C9101A80103,
				F59EB61E079F1C9101A80103,
				F52B6E0903DDC6C201A80101,
				F52B6E0A03DDC6C201A80101,
				F58A014205137A870163C8F7,
				F58A014305137A870163C8F7,
				F5DD42EB053AAEF901A80103,
				F5DD42EC053AAEF901A80103,
				F5E238A405808FD801A80103,
				F5E238A505808FD801A80103,
				F5B3A92205B53FF201A80101,
				F5B3A92305B53FF201A80101,
				F59300510609F6AE01A80103,
				F59300520609F6AE01A80103,
				F5D67DAF0612D96501A80103,
				F5D67DB00612D96501A80103,
				F5D9F4BA07AD976001A80101,
				F5D9F4BC07AD976F01A80101,
				85E2FA3B0B5CE7AA003E7B25,
				85E2FA3C0B5CE7AA003E7B25,
				85CBE1320ECE08B200A80101,
				85CBE1330ECE08B200A80101,
				85CBE1360ECE113300A80101,
				85CBE1370ECE113300A80101,
				85CBE13A0ECE328400A80101,
				85CBE13B0ECE328400A80101,
			);
			isa = PBXGroup;
			name = Controllers;
			refType = 4;
		};
		F52B6E0903DDC6C201A80101 = {
			fileEncoding = 30;
			isa = PBXFileReference;
			path = PRCConvolve55.h;
			refType = 4;
		};
		F52B6E0A03DDC6C201A80101 = {
			fileEncoding = 30;
			isa = PBXFileReference;
			path = PRCConvolve55.m;
			refType = 4;
		};
		F52B6E0B03DDC6C201A80101 = {
			fileRef = F52B6E0903DDC6C201A80101;
			isa = PBXBuildFile;
			settings = {
			};
		};
		F52B6E0C03DDC6C201A80101 = {
			fileRef = F52B6E0A03DDC6C201A80101;
			isa = PBXBuildFile;
			settings = {
			};
		};
		F537CAEE0500A8B801A80103 = {
			fileEncoding = 30;
			isa = PBXFileReference;
			path = README;
			refType = 4;
		};
		F537CAEF0500A8B801A80103 = {
			fileRef = F537CAEE0500A8B801A80103;
			isa = PBXBuildFile;
			settings = {
			};
		};
		F538441A0612E0D001A80103 = {
			children = (
				F538441B0612E0D001A80103,
			);
			isa = PBXVariantGroup;
			name = Median.nib;
			path = "";
			refType = 4;
		};
		F538441B0612E0D001A80103 = {
			isa = PBXFileReference;
			name = English;
			path = English.lproj/Median.nib;
			refType = 4;
		};
		F538441C0612E0D001A80103 = {
			fileRef = F538441A0612E0D001A80103;
			isa = PBXBuildFile;
			settings = {
			};
		};
		F538441D0612E9BF01A80103 = {
			fileEncoding = 30;
			isa = PBXFileReference;
			path = PRMedian.h;
			refType = 4;
		};
		F538441E0612E9BF01A80103 = {
			fileEncoding = 30;
			isa = PBXFileReference;
			path = PRMedian.m;
			refType = 4;
		};
		F538441F0612E9BF01A80103 = {
			fileRef = F538441D0612E9BF01A80103;
			isa = PBXBuildFile;
			settings = {
			};
		};
		F53844200612E9BF01A80103 = {
			fileRef = F538441E0612E9BF01A80103;
			isa = PBXBuildFile;
			settings = {
			};
		};
		F54D8D5C0588ECEB01A80103 = {
			fileEncoding = 30;
			isa = PBXFileReference;
			path = PRHistogram.h;
			refType = 4;
		};
		F54D8D5D0588ECEB01A80103 = {
			fileEncoding = 30;
			isa = PBXFileReference;
			path = PRHistogram.m;
			refType = 4;
		};
		F54D8D5E0588ECEB01A80103 = {
			fileRef = F54D8D5C0588ECEB01A80103;
			isa = PBXBuildFile;
			settings = {
			};
		};
		F54D8D5F0588ECEB01A80103 = {
			fileRef = F54D8D5D0588ECEB01A80103;
			isa = PBXBuildFile;
			settings = {
			};
		};
		F54D8D660588ED9101A80103 = {
			fileEncoding = 30;
			isa = PBXFileReference;
			path = PRCHistogram.h;
			refType = 4;
		};
		F54D8D670588ED9101A80103 = {
			fileEncoding = 30;
			isa = PBXFileReference;
			path = PRCHistogram.m;
			refType = 4;
		};
		F54D8D680588ED9101A80103 = {
			fileRef = F54D8D660588ED9101A80103;
			isa = PBXBuildFile;
			settings = {
			};
		};
		F54D8D690588ED9101A80103 = {
			fileRef = F54D8D670588ED9101A80103;
			isa = PBXBuildFile;
			settings = {
			};
		};
		F54D8D6A0588EE6201A80103 = {
			children = (
				F54D8D6B0588EE6201A80103,
			);
			isa = PBXVariantGroup;
			name = Histogram.nib;
			path = "";
			refType = 4;
		};
		F54D8D6B0588EE6201A80103 = {
			isa = PBXFileReference;
			name = English;
			path = English.lproj/Histogram.nib;
			refType = 4;
		};
		F54D8D6C0588EE6201A80103 = {
			fileRef = F54D8D6A0588EE6201A80103;
			isa = PBXBuildFile;
			settings = {
			};
		};
		F551DF3203E1B5CF01A80101 = {
			fileEncoding = 30;
			isa = PBXFileReference;
			path = PRFourier.h;
			refType = 4;
		};
		F551DF3303E1B5CF01A80101 = {
			fileEncoding = 30;
			isa = PBXFileReference;
			path = PRFourier.m;
			refType = 4;
		};
		F551DF3403E1B5CF01A80101 = {
			fileRef = F551DF3203E1B5CF01A80101;
			isa = PBXBuildFile;
			settings = {
			};
		};
		F551DF3503E1B5CF01A80101 = {
			fileRef = F551DF3303E1B5CF01A80101;
			isa = PBXBuildFile;
			settings = {
			};
		};
		F55BF70E054909D501A80103 = {
			fileEncoding = 30;
			isa = PBXFileReference;
			path = PRDFTHighPass.h;
			refType = 4;
		};
		F55BF70F054909D501A80103 = {
			fileEncoding = 30;
			isa = PBXFileReference;
			path = PRDFTHighPass.m;
			refType = 4;
		};
		F55BF710054909D501A80103 = {
			fileRef = F55BF70E054909D501A80103;
			isa = PBXBuildFile;
			settings = {
			};
		};
		F55BF711054909D501A80103 = {
			fileRef = F55BF70F054909D501A80103;
			isa = PBXBuildFile;
			settings = {
			};
		};
		F568E20703B757F201A80101 = {
			fileEncoding = 30;
			isa = PBXFileReference;
			path = PRGrayscaleFilter.h;
			refType = 4;
		};
		F568E20803B757F201A80101 = {
			fileEncoding = 30;
			isa = PBXFileReference;
			path = PRGrayscaleFilter.m;
			refType = 4;
		};
		F568E20903B757F201A80101 = {
			fileRef = F568E20703B757F201A80101;
			isa = PBXBuildFile;
			settings = {
			};
		};
		F568E20A03B757F201A80101 = {
			fileRef = F568E20803B757F201A80101;
			isa = PBXBuildFile;
			settings = {
			};
		};
		F568E20B03B7583A01A80101 = {
			children = (
				85F3E8020EC5003200B9D568,
				85F3E8030EC5003200B9D568,
				F568E20703B757F201A80101,
				F568E20803B757F201A80101,
				F51A79AC03D9642D01A80101,
				F51A79AD03D9642D01A80101,
				F551DF3203E1B5CF01A80101,
				F551DF3303E1B5CF01A80101,
				F58A013E051379F90163C8F7,
				F58A013F051379F90163C8F7,
				F55BF70E054909D501A80103,
				F55BF70F054909D501A80103,
				F5DC9E42056A98E601A80101,
				F5DC9E43056A98E601A80101,
				85D196360D0A063900A80101,
				85D196370D0A063900A80101,
				F568E20C03B77C9A01A80101,
				F568E20D03B77C9A01A80101,
			);
			isa = PBXGroup;
			name = Filters;
			refType = 4;
		};
		F568E20C03B77C9A01A80101 = {
			fileEncoding = 30;
			isa = PBXFileReference;
			path = PRTransforms.h;
			refType = 4;
		};
		F568E20D03B77C9A01A80101 = {
			fileEncoding = 30;
			isa = PBXFileReference;
			path = PRTransforms.m;
			refType = 4;
		};
		F568E20E03B77C9A01A80101 = {
			fileRef = F568E20C03B77C9A01A80101;
			isa = PBXBuildFile;
			settings = {
			};
		};
		F58A013E051379F90163C8F7 = {
			fileEncoding = 30;
			isa = PBXFileReference;
			path = PRDFTLowPass.h;
			refType = 4;
		};
		F58A013F051379F90163C8F7 = {
			fileEncoding = 30;
			isa = PBXFileReference;
			path = PRDFTLowPass.m;
			refType = 4;
		};
		F58A0140051379F90163C8F7 = {
			fileRef = F58A013E051379F90163C8F7;
			isa = PBXBuildFile;
			settings = {
			};
		};
		F58A0141051379F90163C8F7 = {
			fileRef = F58A013F051379F90163C8F7;
			isa = PBXBuildFile;
			settings = {
			};
		};
		F58A014205137A870163C8F7 = {
			fileEncoding = 30;
			isa = PBXFileReference;
			path = PRCDFTLowPass.h;
			refType = 4;
		};
		F58A014305137A870163C8F7 = {
			fileEncoding = 30;
			isa = PBXFileReference;
			path = PRCDFTLowPass.m;
			refType = 4;
		};
		F58A014405137A870163C8F7 = {
			fileRef = F58A014205137A870163C8F7;
			isa = PBXBuildFile;
			settings = {
			};
		};
		F58A014505137A870163C8F7 = {
			fileRef = F58A014305137A870163C8F7;
			isa = PBXBuildFile;
			settings = {
			};
		};
		F58A014605138B000163C8F7 = {
			children = (
				F58A014705138B000163C8F7,
			);
			isa = PBXVariantGroup;
			name = DFTLowPass.nib;
			path = "";
			refType = 4;
		};
		F58A014705138B000163C8F7 = {
			isa = PBXFileReference;
			name = English;
			path = English.lproj/DFTLowPass.nib;
			refType = 4;
		};
		F58A014805138B000163C8F7 = {
			fileRef = F58A014605138B000163C8F7;
			isa = PBXBuildFile;
			settings = {
			};
		};
		F58A01490513B6E80163C8F7 = {
			fileEncoding = 30;
			isa = PBXFileReference;
			path = FFT.h;
			refType = 4;
		};
		F58A014A0513B6E80163C8F7 = {
			fileEncoding = 30;
			isa = PBXFileReference;
			path = FFT.c;
			refType = 4;
		};
		F58A014B0513B6E80163C8F7 = {
			fileRef = F58A01490513B6E80163C8F7;
			isa = PBXBuildFile;
			settings = {
			};
		};
		F58A014C0513B6E90163C8F7 = {
			fileRef = F58A014A0513B6E80163C8F7;
			isa = PBXBuildFile;
			settings = {
			};
		};
		F59300510609F6AE01A80103 = {
			fileEncoding = 30;
			isa = PBXFileReference;
			path = PRCCustTraceEdges.h;
			refType = 4;
		};
		F59300520609F6AE01A80103 = {
			fileEncoding = 30;
			isa = PBXFileReference;
			path = PRCCustTraceEdges.m;
			refType = 4;
		};
		F59300530609F6AE01A80103 = {
			fileRef = F59300510609F6AE01A80103;
			isa = PBXBuildFile;
			settings = {
			};
		};
		F59300540609F6AE01A80103 = {
			fileRef = F59300520609F6AE01A80103;
			isa = PBXBuildFile;
			settings = {
			};
		};
		F59300550609F83101A80103 = {
			children = (
				F59300560609F83101A80103,
			);
			isa = PBXVariantGroup;
			name = CustTraceEdges.nib;
			path = "";
			refType = 4;
		};
		F59300560609F83101A80103 = {
			isa = PBXFileReference;
			name = English;
			path = English.lproj/CustTraceEdges.nib;
			refType = 4;
		};
		F59300570609F83101A80103 = {
			fileRef = F59300550609F83101A80103;
			isa = PBXBuildFile;
			settings = {
			};
		};
		F5930058060B2ED001A80103 = {
			fileEncoding = 30;
			isa = PBXFileReference;
			path = PRCustTraceEdges.h;
			refType = 4;
		};
		F5930059060B2ED001A80103 = {
			fileEncoding = 30;
			isa = PBXFileReference;
			path = PRCustTraceEdges.m;
			refType = 4;
		};
		F593005A060B2ED001A80103 = {
			fileRef = F5930058060B2ED001A80103;
			isa = PBXBuildFile;
			settings = {
			};
		};
		F593005B060B2ED001A80103 = {
			fileRef = F5930059060B2ED001A80103;
			isa = PBXBuildFile;
			settings = {
			};
		};
		F59B4FBB0591D102011CE379 = {
			fileEncoding = 30;
			isa = PBXFileReference;
			path = PRCumHisto.h;
			refType = 4;
		};
		F59B4FBC0591D102011CE379 = {
			fileEncoding = 30;
			isa = PBXFileReference;
			path = PRCumHisto.m;
			refType = 4;
		};
		F59B4FBD0591D102011CE379 = {
			fileRef = F59B4FBB0591D102011CE379;
			isa = PBXBuildFile;
			settings = {
			};
		};
		F59B4FBE0591D102011CE379 = {
			fileRef = F59B4FBC0591D102011CE379;
			isa = PBXBuildFile;
			settings = {
			};
		};
		F59B4FBF0591DA41011CE379 = {
			fileEncoding = 30;
			isa = PBXFileReference;
			path = PRCCumHisto.h;
			refType = 4;
		};
		F59B4FC00591DA41011CE379 = {
			fileEncoding = 30;
			isa = PBXFileReference;
			path = PRCCumHisto.m;
			refType = 4;
		};
		F59B4FC10591DA41011CE379 = {
			fileRef = F59B4FBF0591DA41011CE379;
			isa = PBXBuildFile;
			settings = {
			};
		};
		F59B4FC20591DA41011CE379 = {
			fileRef = F59B4FC00591DA41011CE379;
			isa = PBXBuildFile;
			settings = {
			};
		};
		F59B4FC305921408011CE379 = {
			fileEncoding = 30;
			isa = PBXFileReference;
			path = PRHisto.h;
			refType = 4;
		};
		F59B4FC405921408011CE379 = {
			fileEncoding = 30;
			isa = PBXFileReference;
			path = PRHisto.m;
			refType = 4;
		};
		F59B4FC505921408011CE379 = {
			fileRef = F59B4FC305921408011CE379;
			isa = PBXBuildFile;
			settings = {
			};
		};
		F59B4FC605921408011CE379 = {
			fileRef = F59B4FC405921408011CE379;
			isa = PBXBuildFile;
			settings = {
			};
		};
		F59B4FC7059214C7011CE379 = {
			fileEncoding = 30;
			isa = PBXFileReference;
			path = PRCHisto.h;
			refType = 4;
		};
		F59B4FC8059214C7011CE379 = {
			fileEncoding = 30;
			isa = PBXFileReference;
			path = PRCHisto.m;
			refType = 4;
		};
		F59B4FC9059214C7011CE379 = {
			fileRef = F59B4FC7059214C7011CE379;
			isa = PBXBuildFile;
			settings = {
			};
		};
		F59B4FCA059214C7011CE379 = {
			fileRef = F59B4FC8059214C7011CE379;
			isa = PBXBuildFile;
			settings = {
			};
		};
		F59B4FCB05923027011CE379 = {
			children = (
				F59B4FCC05923027011CE379,
			);
			isa = PBXVariantGroup;
			name = CumulHistogram.nib;
			path = "";
			refType = 4;
		};
		F59B4FCC05923027011CE379 = {
			isa = PBXFileReference;
			name = English;
			path = English.lproj/CumulHistogram.nib;
			refType = 4;
		};
		F59B4FCD05923027011CE379 = {
			fileRef = F59B4FCB05923027011CE379;
			isa = PBXBuildFile;
			settings = {
			};
		};
		F59EB61D079F1C9101A80103 = {
			fileEncoding = 30;
			isa = PBXFileReference;
			path = PRCScale.h;
			refType = 4;
		};
		F59EB61E079F1C9101A80103 = {
			fileEncoding = 30;
			isa = PBXFileReference;
			path = PRCScale.m;
			refType = 4;
		};
		F59EB61F079F1C9101A80103 = {
			fileRef = F59EB61D079F1C9101A80103;
			isa = PBXBuildFile;
			settings = {
			};
		};
		F59EB620079F1C9101A80103 = {
			fileRef = F59EB61E079F1C9101A80103;
			isa = PBXBuildFile;
			settings = {
			};
		};
		F59EB621079F1CA501A80103 = {
			fileEncoding = 30;
			isa = PBXFileReference;
			path = PRScale.h;
			refType = 4;
		};
		F59EB622079F1CA501A80103 = {
			fileEncoding = 30;
			isa = PBXFileReference;
			path = PRScale.m;
			refType = 4;
		};
		F59EB623079F1CA501A80103 = {
			fileRef = F59EB621079F1CA501A80103;
			isa = PBXBuildFile;
			settings = {
			};
		};
		F59EB624079F1CA501A80103 = {
			fileRef = F59EB622079F1CA501A80103;
			isa = PBXBuildFile;
			settings = {
			};
		};
		F59EB627079F2ED301A80103 = {
			children = (
				F59EB628079F2ED301A80103,
			);
			isa = PBXVariantGroup;
			name = Scale.nib;
			path = "";
			refType = 4;
		};
		F59EB628079F2ED301A80103 = {
			isa = PBXFileReference;
			name = English;
			path = English.lproj/Scale.nib;
			refType = 4;
		};
		F59EB629079F2ED301A80103 = {
			fileRef = F59EB627079F2ED301A80103;
			isa = PBXBuildFile;
			settings = {
			};
		};
		F5A3DD6B058349E601A80103 = {
			children = (
				F5A3DD6C058349E601A80103,
			);
			isa = PBXVariantGroup;
			name = Equalize.nib;
			path = "";
			refType = 4;
		};
		F5A3DD6C058349E601A80103 = {
			isa = PBXFileReference;
			name = English;
			path = English.lproj/Equalize.nib;
			refType = 4;
		};
		F5A3DD6D058349E601A80103 = {
			fileRef = F5A3DD6B058349E601A80103;
			isa = PBXBuildFile;
			settings = {
			};
		};
		F5B0F9640686C3B701A80101 = {
			fileEncoding = 30;
			isa = PBXFileReference;
			path = PRCProgress.h;
			refType = 4;
		};
		F5B0F9650686C3B701A80101 = {
			fileEncoding = 30;
			isa = PBXFileReference;
			path = PRCProgress.m;
			refType = 4;
		};
		F5B0F9660686C3B701A80101 = {
			fileRef = F5B0F9640686C3B701A80101;
			isa = PBXBuildFile;
			settings = {
			};
		};
		F5B0F9670686C3B701A80101 = {
			fileRef = F5B0F9650686C3B701A80101;
			isa = PBXBuildFile;
			settings = {
			};
		};
		F5B3A92205B53FF201A80101 = {
			fileEncoding = 30;
			isa = PBXFileReference;
			path = PRCTraceEdges.h;
			refType = 4;
		};
		F5B3A92305B53FF201A80101 = {
			fileEncoding = 30;
			isa = PBXFileReference;
			path = PRCTraceEdges.m;
			refType = 4;
		};
		F5B3A92405B53FF201A80101 = {
			fileRef = F5B3A92205B53FF201A80101;
			isa = PBXBuildFile;
			settings = {
			};
		};
		F5B3A92505B53FF201A80101 = {
			fileRef = F5B3A92305B53FF201A80101;
			isa = PBXBuildFile;
			settings = {
			};
		};
		F5B3A92605B5469C01A80101 = {
			children = (
				F5B3A92705B5469C01A80101,
			);
			isa = PBXVariantGroup;
			name = TraceEdges.nib;
			path = "";
			refType = 4;
		};
		F5B3A92705B5469C01A80101 = {
			isa = PBXFileReference;
			name = English;
			path = English.lproj/TraceEdges.nib;
			refType = 4;
		};
		F5B3A92805B5469C01A80101 = {
			fileRef = F5B3A92605B5469C01A80101;
			isa = PBXBuildFile;
			settings = {
			};
		};
		F5B3A92905B5568F01A80101 = {
			fileEncoding = 30;
			isa = PBXFileReference;
			path = PRTraceEdges.h;
			refType = 4;
		};
		F5B3A92A05B5568F01A80101 = {
			fileEncoding = 30;
			isa = PBXFileReference;
			path = PRTraceEdges.m;
			refType = 4;
		};
		F5B3A92B05B5568F01A80101 = {
			fileRef = F5B3A92905B5568F01A80101;
			isa = PBXBuildFile;
			settings = {
			};
		};
		F5B3A92C05B5568F01A80101 = {
			fileRef = F5B3A92A05B5568F01A80101;
			isa = PBXBuildFile;
			settings = {
			};
		};
		F5B6257006881DCE01A80101 = {
			fileEncoding = 30;
			isa = PBXFileReference;
			path = PRProgressAction.h;
			refType = 4;
		};
		F5B6257106881DCE01A80101 = {
			fileEncoding = 30;
			isa = PBXFileReference;
			path = PRProgressAction.m;
			refType = 4;
		};
		F5B6257206881DCE01A80101 = {
			fileRef = F5B6257006881DCE01A80101;
			isa = PBXBuildFile;
			settings = {
			};
		};
		F5B6257306881DCE01A80101 = {
			fileRef = F5B6257106881DCE01A80101;
			isa = PBXBuildFile;
			settings = {
			};
		};
		F5BA52CE04CC34E80110017A = {
			fileRef = F568E20D03B77C9A01A80101;
			isa = PBXBuildFile;
			settings = {
			};
		};
		F5C11052081A46A201A80101 = {
			fileRef = F50E086503A8B47901317B72;
			isa = PBXBuildFile;
			settings = {
			};
		};
		F5C7F8ED07C75C6901A80101 = {
			children = (
				F5C7F8EE07C75C6901A80101,
			);
			isa = PBXVariantGroup;
			name = Crop.nib;
			path = "";
			refType = 4;
		};
		F5C7F8EE07C75C6901A80101 = {
			isa = PBXFileReference;
			name = English;
			path = English.lproj/Crop.nib;
			refType = 4;
		};
		F5C7F8EF07C75C6901A80101 = {
			fileRef = F5C7F8ED07C75C6901A80101;
			isa = PBXBuildFile;
			settings = {
			};
		};
		F5C8A2A307EED49E01A80101 = {
			fileEncoding = 30;
			isa = PBXFileReference;
			path = PRCBriCon.h;
			refType = 4;
		};
		F5C8A2A407EED49E01A80101 = {
			fileEncoding = 30;
			isa = PBXFileReference;
			path = PRCBriCon.m;
			refType = 4;
		};
		F5C8A2A507EED49E01A80101 = {
			fileRef = F5C8A2A307EED49E01A80101;
			isa = PBXBuildFile;
			settings = {
			};
		};
		F5C8A2A607EED49E01A80101 = {
			fileRef = F5C8A2A407EED49E01A80101;
			isa = PBXBuildFile;
			settings = {
			};
		};
		F5C8A2A707EED52A01A80101 = {
			fileEncoding = 30;
			isa = PBXFileReference;
			path = PRBriCon.h;
			refType = 4;
		};
		F5C8A2A807EED52A01A80101 = {
			fileEncoding = 30;
			isa = PBXFileReference;
			path = PRBriCon.m;
			refType = 4;
		};
		F5C8A2A907EED52A01A80101 = {
			fileRef = F5C8A2A707EED52A01A80101;
			isa = PBXBuildFile;
			settings = {
			};
		};
		F5C8A2AA07EED52A01A80101 = {
			fileRef = F5C8A2A807EED52A01A80101;
			isa = PBXBuildFile;
			settings = {
			};
		};
		F5C8A2AB07EED94A01A80101 = {
			children = (
				F5C8A2AC07EED94A01A80101,
			);
			isa = PBXVariantGroup;
			name = BriCon.nib;
			path = "";
			refType = 4;
		};
		F5C8A2AC07EED94A01A80101 = {
			isa = PBXFileReference;
			name = English;
			path = English.lproj/BriCon.nib;
			refType = 4;
		};
		F5C8A2AD07EED94A01A80101 = {
			fileRef = F5C8A2AB07EED94A01A80101;
			isa = PBXBuildFile;
			settings = {
			};
		};
		F5C941A908261B5E01A80101 = {
			isa = PBXFileReference;
			path = price128.icns;
			refType = 4;
		};
		F5C941AA08261B5E01A80101 = {
			fileRef = F5C941A908261B5E01A80101;
			isa = PBXBuildFile;
			settings = {
			};
		};
		F5D38DD508FDA41801A80101 = {
			fileEncoding = 30;
			isa = PBXFileReference;
			path = PRImage.h;
			refType = 4;
		};
		F5D38DD608FDA41801A80101 = {
			fileEncoding = 30;
			isa = PBXFileReference;
			path = PRImage.m;
			refType = 4;
		};
		F5D38DD708FDA41801A80101 = {
			fileRef = F5D38DD508FDA41801A80101;
			isa = PBXBuildFile;
			settings = {
			};
		};
		F5D38DD808FDA41801A80101 = {
			fileRef = F5D38DD608FDA41801A80101;
			isa = PBXBuildFile;
			settings = {
			};
		};
		F5D67DAF0612D96501A80103 = {
			fileEncoding = 30;
			isa = PBXFileReference;
			path = PRCMedian.h;
			refType = 4;
		};
		F5D67DB00612D96501A80103 = {
			fileEncoding = 30;
			isa = PBXFileReference;
			path = PRCMedian.m;
			refType = 4;
		};
		F5D67DB10612D96501A80103 = {
			fileRef = F5D67DAF0612D96501A80103;
			isa = PBXBuildFile;
			settings = {
			};
		};
		F5D67DB20612D96501A80103 = {
			fileRef = F5D67DB00612D96501A80103;
			isa = PBXBuildFile;
			settings = {
			};
		};
		F5D9F4B607AD972F01A80101 = {
			fileEncoding = 30;
			isa = PBXFileReference;
			path = PRCrop.m;
			refType = 4;
		};
		F5D9F4B707AD972F01A80101 = {
			fileRef = F5D9F4B607AD972F01A80101;
			isa = PBXBuildFile;
			settings = {
			};
		};
		F5D9F4B807AD974901A80101 = {
			fileEncoding = 30;
			isa = PBXFileReference;
			path = PRCrop.h;
			refType = 4;
		};
		F5D9F4B907AD974901A80101 = {
			fileRef = F5D9F4B807AD974901A80101;
			isa = PBXBuildFile;
			settings = {
			};
		};
		F5D9F4BA07AD976001A80101 = {
			fileEncoding = 30;
			isa = PBXFileReference;
			path = PRCCrop.h;
			refType = 4;
		};
		F5D9F4BB07AD976001A80101 = {
			fileRef = F5D9F4BA07AD976001A80101;
			isa = PBXBuildFile;
			settings = {
			};
		};
		F5D9F4BC07AD976F01A80101 = {
			fileEncoding = 30;
			isa = PBXFileReference;
			path = PRCCrop.m;
			refType = 4;
		};
		F5D9F4BD07AD976F01A80101 = {
			fileRef = F5D9F4BC07AD976F01A80101;
			isa = PBXBuildFile;
			settings = {
			};
		};
		F5DC9E42056A98E601A80101 = {
			fileEncoding = 30;
			isa = PBXFileReference;
			path = PRDFTFilter.h;
			refType = 4;
		};
		F5DC9E43056A98E601A80101 = {
			fileEncoding = 30;
			isa = PBXFileReference;
			path = PRDFTFilter.m;
			refType = 4;
		};
		F5DC9E44056A98E601A80101 = {
			fileRef = F5DC9E42056A98E601A80101;
			isa = PBXBuildFile;
			settings = {
			};
		};
		F5DC9E45056A98E601A80101 = {
			fileRef = F5DC9E43056A98E601A80101;
			isa = PBXBuildFile;
			settings = {
			};
		};
		F5DD42E8053AAE5201A80103 = {
			children = (
				F5DD42E9053AAE5201A80103,
			);
			isa = PBXVariantGroup;
			name = DFTHighPass.nib;
			path = "";
			refType = 4;
		};
		F5DD42E9053AAE5201A80103 = {
			isa = PBXFileReference;
			name = English;
			path = English.lproj/DFTHighPass.nib;
			refType = 4;
		};
		F5DD42EA053AAE5201A80103 = {
			fileRef = F5DD42E8053AAE5201A80103;
			isa = PBXBuildFile;
			settings = {
			};
		};
		F5DD42EB053AAEF901A80103 = {
			fileEncoding = 30;
			isa = PBXFileReference;
			path = PRCDFTHighPass.h;
			refType = 4;
		};
		F5DD42EC053AAEF901A80103 = {
			fileEncoding = 30;
			isa = PBXFileReference;
			path = PRCDFTHighPass.m;
			refType = 4;
		};
		F5DD42ED053AAEF901A80103 = {
			fileRef = F5DD42EB053AAEF901A80103;
			isa = PBXBuildFile;
			settings = {
			};
		};
		F5DD42EE053AAEF901A80103 = {
			fileRef = F5DD42EC053AAEF901A80103;
			isa = PBXBuildFile;
			settings = {
			};
		};
		F5E238A405808FD801A80103 = {
			fileEncoding = 30;
			isa = PBXFileReference;
			path = PRCEqualize.h;
			refType = 4;
		};
		F5E238A505808FD801A80103 = {
			fileEncoding = 30;
			isa = PBXFileReference;
			path = PRCEqualize.m;
			refType = 4;
		};
		F5E238A605808FD801A80103 = {
			fileRef = F5E238A405808FD801A80103;
			isa = PBXBuildFile;
			settings = {
			};
		};
		F5E238A705808FD801A80103 = {
			fileRef = F5E238A505808FD801A80103;
			isa = PBXBuildFile;
			settings = {
			};
		};
		F5E238A8058091EB01A80103 = {
			fileEncoding = 30;
			isa = PBXFileReference;
			path = PREqualize.h;
			refType = 4;
		};
		F5E238A9058091EB01A80103 = {
			fileEncoding = 30;
			isa = PBXFileReference;
			path = PREqualize.m;
			refType = 4;
		};
		F5E238AA058091EB01A80103 = {
			fileRef = F5E238A8058091EB01A80103;
			isa = PBXBuildFile;
			settings = {
			};
		};
		F5E238AB058091EB01A80103 = {
			fileRef = F5E238A9058091EB01A80103;
			isa = PBXBuildFile;
			settings = {
			};
		};
		F5E238AC058091F001A80103 = {
			children = (
				F5C8A2A707EED52A01A80101,
				F5C8A2A807EED52A01A80101,
				F5E238A8058091EB01A80103,
				F5E238A9058091EB01A80103,
				F5B3A92905B5568F01A80101,
				F5B3A92A05B5568F01A80101,
				F5930058060B2ED001A80103,
				F5930059060B2ED001A80103,
				F538441D0612E9BF01A80103,
				F538441E0612E9BF01A80103,
			);
			isa = PBXGroup;
			name = Enhance;
			refType = 4;
		};
	};
	rootObject = 2A37F4A9FDCFA73011CA2CEA;
}
